<Solution>
  <Folder Name="/src/">
    <Project Path="src/CheckScanner.Application/CheckScanner.Application.csproj" />
    <Project Path="src/CheckScanner.Domain/CheckScanner.Domain.csproj" />
    <Project Path="src/CheckScanner.Infrastructure/CheckScanner.Infrastructure.csproj" />
    <Project Path="src/CheckScanner.Web/CheckScanner.Web.csproj" />
  </Folder>
  <Folder Name="/tests/">
    <Project Path="tests/CheckScanner.Application.Tests/CheckScanner.Application.Tests.csproj" />
    <Project Path="tests/CheckScanner.Domain.Tests/CheckScanner.Domain.Tests.csproj" />
    <Project Path="tests/CheckScanner.Infrastructure.Tests/CheckScanner.Infrastructure.Tests.csproj" />
  </Folder>
</Solution>
